{
  "nodes": {
    "home-manager": {
      "inputs": {
        "nixpkgs": [
          "nixpkgs"
        ]
      },
      "locked": {
        "lastModified": 1626645263,
        "narHash": "sha256-rg93wVhy505wofd7jzf+jLNhebXxNJ1dB5PuewSgsr8=",
        "owner": "nix-community",
        "repo": "home-manager",
        "rev": "2b75633b2c470e1249d46fe5d9ee848e3f7ab4e7",
        "type": "github"
      },
      "original": {
        "owner": "nix-community",
        "ref": "master",
        "repo": "home-manager",
        "type": "github"
      }
    },
    "nixpkgs": {
      "locked": {
        "lastModified": 1626639081,
        "narHash": "sha256-QPeYws2yZ7yNVpFPHHcm9tPXN/biCNq1MN3Vm+T9Dvg=",
        "owner": "patrickod",
        "repo": "nixpkgs",
        "rev": "c642d73c5f43cc24b4d4836cf62251ce43c8bf13",
        "type": "github"
      },
      "original": {
        "owner": "patrickod",
        "ref": "personal",
        "repo": "nixpkgs",
        "type": "github"
      }
    },
    "root": {
      "inputs": {
        "home-manager": "home-manager",
        "nixpkgs": "nixpkgs"
      }
    }
  },
  "root": "root",
  "version": 7
}
