{
  "nodes": {
    "home-manager": {
      "inputs": {
        "nixpkgs": [
          "nixpkgs"
        ]
      },
      "locked": {
        "lastModified": 1626645263,
        "narHash": "sha256-rg93wVhy505wofd7jzf+jLNhebXxNJ1dB5PuewSgsr8=",
        "owner": "nix-community",
        "repo": "home-manager",
        "rev": "2b75633b2c470e1249d46fe5d9ee848e3f7ab4e7",
        "type": "github"
      },
      "original": {
        "owner": "nix-community",
        "ref": "master",
        "repo": "home-manager",
        "type": "github"
      }
    },
    "nixpkgs": {
      "locked": {
        "lastModified": 1626661051,
        "narHash": "sha256-V1uUC7FyPoFTPVvP+wNtPnLsSxQFJLXFXs/0b9frtoM=",
        "owner": "patrickod",
        "repo": "nixpkgs",
        "rev": "4ae96ff6e10017e635c3393b454f9f88cb363008",
        "type": "github"
      },
      "original": {
        "owner": "patrickod",
        "ref": "personal",
        "repo": "nixpkgs",
        "type": "github"
      }
    },
    "root": {
      "inputs": {
        "home-manager": "home-manager",
        "nixpkgs": "nixpkgs"
      }
    }
  },
  "root": "root",
  "version": 7
}
